
Microsoft Visual Studio Solution File, Format Version 12.00
# Visual Studio Version 17
VisualStudioVersion = 17.10.34928.147
MinimumVisualStudioVersion = 10.0.40219.1
Project("{9A19103F-16F7-4668-BE54-9A1E7A4F7556}") = "Model7", "Model7\Model7.csproj", "{C7E7AC74-841B-43E8-B8AD-29BF01BCDE37}"
EndProject
Project("{FAE04EC0-301F-11D3-BF4B-00C04F79EFBC}") = "Model8", "Model8\Model8.csproj", "{3F979F01-E66B-4EA7-B8F6-51EC7A702561}"
EndProject
Global
	GlobalSection(SolutionConfigurationPlatforms) = preSolution
		Debug|Any CPU = Debug|Any CPU
		Release|Any CPU = Release|Any CPU
	EndGlobalSection
	GlobalSection(ProjectConfigurationPlatforms) = postSolution
		{C7E7AC74-841B-43E8-B8AD-29BF01BCDE37}.Debug|Any CPU.ActiveCfg = Debug|Any CPU
		{C7E7AC74-841B-43E8-B8AD-29BF01BCDE37}.Debug|Any CPU.Build.0 = Debug|Any CPU
		{C7E7AC74-841B-43E8-B8AD-29BF01BCDE37}.Release|Any CPU.ActiveCfg = Release|Any CPU
		{C7E7AC74-841B-43E8-B8AD-29BF01BCDE37}.Release|Any CPU.Build.0 = Release|Any CPU
		{3F979F01-E66B-4EA7-B8F6-51EC7A702561}.Debug|Any CPU.ActiveCfg = Debug|Any CPU
		{3F979F01-E66B-4EA7-B8F6-51EC7A702561}.Debug|Any CPU.Build.0 = Debug|Any CPU
		{3F979F01-E66B-4EA7-B8F6-51EC7A702561}.Release|Any CPU.ActiveCfg = Release|Any CPU
		{3F979F01-E66B-4EA7-B8F6-51EC7A702561}.Release|Any CPU.Build.0 = Release|Any CPU
	EndGlobalSection
	GlobalSection(SolutionProperties) = preSolution
		HideSolutionNode = FALSE
	EndGlobalSection
	GlobalSection(ExtensibilityGlobals) = postSolution
		SolutionGuid = {C02B574D-59ED-4690-844D-A5458930AE3E}
	EndGlobalSection
EndGlobal
