
Microsoft Visual Studio Solution File, Format Version 12.00
# Visual Studio Version 17
VisualStudioVersion = 17.10.34928.147
MinimumVisualStudioVersion = 10.0.40219.1
Project("{FAE04EC0-301F-11D3-BF4B-00C04F79EFBC}") = "Model2", "Model2.csproj", "{5325C8F0-3205-4B34-9CA1-5D1A3220F9F9}"
EndProject
Global
	GlobalSection(SolutionConfigurationPlatforms) = preSolution
		Debug|Any CPU = Debug|Any CPU
		Release|Any CPU = Release|Any CPU
	EndGlobalSection
	GlobalSection(ProjectConfigurationPlatforms) = postSolution
		{5325C8F0-3205-4B34-9CA1-5D1A3220F9F9}.Debug|Any CPU.ActiveCfg = Debug|Any CPU
		{5325C8F0-3205-4B34-9CA1-5D1A3220F9F9}.Debug|Any CPU.Build.0 = Debug|Any CPU
		{5325C8F0-3205-4B34-9CA1-5D1A3220F9F9}.Release|Any CPU.ActiveCfg = Release|Any CPU
		{5325C8F0-3205-4B34-9CA1-5D1A3220F9F9}.Release|Any CPU.Build.0 = Release|Any CPU
	EndGlobalSection
	GlobalSection(SolutionProperties) = preSolution
		HideSolutionNode = FALSE
	EndGlobalSection
	GlobalSection(ExtensibilityGlobals) = postSolution
		SolutionGuid = {11187049-5314-4ABF-824B-6297A045B223}
	EndGlobalSection
EndGlobal
